
Microsoft Visual Studio Solution File, Format Version 12.00
# Visual Studio 2013
VisualStudioVersion = 12.0.30723.0
MinimumVisualStudioVersion = 10.0.40219.1
Project("{FAE04EC0-301F-11D3-BF4B-00C04F79EFBC}") = "SLS.WCFService", "SLS.WCFService\SLS.WCFService.csproj", "{18F201E6-83C0-456D-B28C-9F7940F96BCC}"
EndProject
Project("{FAE04EC0-301F-11D3-BF4B-00C04F79EFBC}") = "SLS.WCFService.SelfHost", "SLS.WCFService.SelfHost\SLS.WCFService.SelfHost.csproj", "{D27E79ED-3AB3-4B89-A5C7-4FD9FCBB98E7}"
EndProject
Project("{FAE04EC0-301F-11D3-BF4B-00C04F79EFBC}") = "SLS.Desktop", "SLS.Desktop\SLS.Desktop.csproj", "{C99250EB-FB7E-40BD-9526-B06D53066AFD}"
	ProjectSection(ProjectDependencies) = postProject
		{18F201E6-83C0-456D-B28C-9F7940F96BCC} = {18F201E6-83C0-456D-B28C-9F7940F96BCC}
	EndProjectSection
EndProject
Global
	GlobalSection(SolutionConfigurationPlatforms) = preSolution
		Debug|Any CPU = Debug|Any CPU
		Debug|ARM = Debug|ARM
		Debug|x86 = Debug|x86
		Release|Any CPU = Release|Any CPU
		Release|ARM = Release|ARM
		Release|x86 = Release|x86
	EndGlobalSection
	GlobalSection(ProjectConfigurationPlatforms) = postSolution
		{18F201E6-83C0-456D-B28C-9F7940F96BCC}.Debug|Any CPU.ActiveCfg = Debug|Any CPU
		{18F201E6-83C0-456D-B28C-9F7940F96BCC}.Debug|Any CPU.Build.0 = Debug|Any CPU
		{18F201E6-83C0-456D-B28C-9F7940F96BCC}.Debug|ARM.ActiveCfg = Debug|Any CPU
		{18F201E6-83C0-456D-B28C-9F7940F96BCC}.Debug|x86.ActiveCfg = Debug|Any CPU
		{18F201E6-83C0-456D-B28C-9F7940F96BCC}.Release|Any CPU.ActiveCfg = Release|Any CPU
		{18F201E6-83C0-456D-B28C-9F7940F96BCC}.Release|Any CPU.Build.0 = Release|Any CPU
		{18F201E6-83C0-456D-B28C-9F7940F96BCC}.Release|ARM.ActiveCfg = Release|Any CPU
		{18F201E6-83C0-456D-B28C-9F7940F96BCC}.Release|x86.ActiveCfg = Release|Any CPU
		{D27E79ED-3AB3-4B89-A5C7-4FD9FCBB98E7}.Debug|Any CPU.ActiveCfg = Debug|Any CPU
		{D27E79ED-3AB3-4B89-A5C7-4FD9FCBB98E7}.Debug|Any CPU.Build.0 = Debug|Any CPU
		{D27E79ED-3AB3-4B89-A5C7-4FD9FCBB98E7}.Debug|ARM.ActiveCfg = Debug|Any CPU
		{D27E79ED-3AB3-4B89-A5C7-4FD9FCBB98E7}.Debug|x86.ActiveCfg = Debug|Any CPU
		{D27E79ED-3AB3-4B89-A5C7-4FD9FCBB98E7}.Release|Any CPU.ActiveCfg = Release|Any CPU
		{D27E79ED-3AB3-4B89-A5C7-4FD9FCBB98E7}.Release|Any CPU.Build.0 = Release|Any CPU
		{D27E79ED-3AB3-4B89-A5C7-4FD9FCBB98E7}.Release|ARM.ActiveCfg = Release|Any CPU
		{D27E79ED-3AB3-4B89-A5C7-4FD9FCBB98E7}.Release|x86.ActiveCfg = Release|Any CPU
		{C99250EB-FB7E-40BD-9526-B06D53066AFD}.Debug|Any CPU.ActiveCfg = Debug|Any CPU
		{C99250EB-FB7E-40BD-9526-B06D53066AFD}.Debug|Any CPU.Build.0 = Debug|Any CPU
		{C99250EB-FB7E-40BD-9526-B06D53066AFD}.Debug|ARM.ActiveCfg = Debug|Any CPU
		{C99250EB-FB7E-40BD-9526-B06D53066AFD}.Debug|x86.ActiveCfg = Debug|Any CPU
		{C99250EB-FB7E-40BD-9526-B06D53066AFD}.Release|Any CPU.ActiveCfg = Release|Any CPU
		{C99250EB-FB7E-40BD-9526-B06D53066AFD}.Release|Any CPU.Build.0 = Release|Any CPU
		{C99250EB-FB7E-40BD-9526-B06D53066AFD}.Release|ARM.ActiveCfg = Release|Any CPU
		{C99250EB-FB7E-40BD-9526-B06D53066AFD}.Release|x86.ActiveCfg = Release|Any CPU
	EndGlobalSection
	GlobalSection(SolutionProperties) = preSolution
		HideSolutionNode = FALSE
	EndGlobalSection
EndGlobal
